Microsoft Visual Studio Solution File, Format Version 12.00
# Visual Studio Version 17
VisualStudioVersion = 17.5.2.0
MinimumVisualStudioVersion = 10.0.40219.1
Project("{FAE04EC0-301F-11D3-BF4B-00C04F79EFBC}") = "Tryhard", "Tryhard.csproj", "{508F1DED-98AF-0A5C-1785-DA2014B2342E}"
EndProject
Global
	GlobalSection(SolutionConfigurationPlatforms) = preSolution
		Debug|Any CPU = Debug|Any CPU
		Release|Any CPU = Release|Any CPU
	EndGlobalSection
	GlobalSection(ProjectConfigurationPlatforms) = postSolution
		{508F1DED-98AF-0A5C-1785-DA2014B2342E}.Debug|Any CPU.ActiveCfg = Debug|Any CPU
		{508F1DED-98AF-0A5C-1785-DA2014B2342E}.Debug|Any CPU.Build.0 = Debug|Any CPU
		{508F1DED-98AF-0A5C-1785-DA2014B2342E}.Release|Any CPU.ActiveCfg = Release|Any CPU
		{508F1DED-98AF-0A5C-1785-DA2014B2342E}.Release|Any CPU.Build.0 = Release|Any CPU
	EndGlobalSection
	GlobalSection(SolutionProperties) = preSolution
		HideSolutionNode = FALSE
	EndGlobalSection
	GlobalSection(ExtensibilityGlobals) = postSolution
		SolutionGuid = {CA69B19B-AEED-4340-9BDC-EE566CE03849}
	EndGlobalSection
EndGlobal
